// !$*UTF8*$!
{
	archiveVersion = 1;
	classes = {
	};
	objectVersion = 51;
	objects = {

/* Begin PBXBuildFile section */
		46149FF7237A409E00AC1287 /* AppGroup.swift in Sources */ = {isa = PBXBuildFile; fileRef = 46149FF6237A409E00AC1287 /* AppGroup.swift */; };
		465B5FE7237F73B000BB50DE /* SocialApp.swift in Sources */ = {isa = PBXBuildFile; fileRef = 465B5FE6237F73B000BB50DE /* SocialApp.swift */; };
		4694602623739EC200831E18 /* AppDelegate.swift in Sources */ = {isa = PBXBuildFile; fileRef = 4694602523739EC200831E18 /* AppDelegate.swift */; };
		4694602823739EC200831E18 /* SceneDelegate.swift in Sources */ = {isa = PBXBuildFile; fileRef = 4694602723739EC200831E18 /* SceneDelegate.swift */; };
		4694602A23739EC200831E18 /* ViewController.swift in Sources */ = {isa = PBXBuildFile; fileRef = 4694602923739EC200831E18 /* ViewController.swift */; };
		4694602D23739EC200831E18 /* Main.storyboard in Resources */ = {isa = PBXBuildFile; fileRef = 4694602B23739EC200831E18 /* Main.storyboard */; };
		4694602F23739EC400831E18 /* Assets.xcassets in Resources */ = {isa = PBXBuildFile; fileRef = 4694602E23739EC400831E18 /* Assets.xcassets */; };
		4694603223739EC400831E18 /* LaunchScreen.storyboard in Resources */ = {isa = PBXBuildFile; fileRef = 4694603023739EC400831E18 /* LaunchScreen.storyboard */; };
		4694603A2373A0A500831E18 /* BaseTabBarController.swift in Sources */ = {isa = PBXBuildFile; fileRef = 469460392373A0A500831E18 /* BaseTabBarController.swift */; };
		4694603D2373A9C300831E18 /* AppsSearchController.swift in Sources */ = {isa = PBXBuildFile; fileRef = 4694603C2373A9C300831E18 /* AppsSearchController.swift */; };
		469460402373AE7400831E18 /* SearchResultCell.swift in Sources */ = {isa = PBXBuildFile; fileRef = 4694603F2373AE7400831E18 /* SearchResultCell.swift */; };
		4694604323742CDB00831E18 /* UIView+Layout.swift in Sources */ = {isa = PBXBuildFile; fileRef = 4694604223742CDB00831E18 /* UIView+Layout.swift */; };
		469460452374312800831E18 /* VerticalStackView.swift in Sources */ = {isa = PBXBuildFile; fileRef = 469460442374312800831E18 /* VerticalStackView.swift */; };
		469460482374F87000831E18 /* SearchResult.swift in Sources */ = {isa = PBXBuildFile; fileRef = 469460472374F87000831E18 /* SearchResult.swift */; };
		4694604B23757E3D00831E18 /* Service.swift in Sources */ = {isa = PBXBuildFile; fileRef = 4694604A23757E3D00831E18 /* Service.swift */; };
		46FC3B71237870A70093FA35 /* AppsPageController.swift in Sources */ = {isa = PBXBuildFile; fileRef = 46FC3B70237870A70093FA35 /* AppsPageController.swift */; };
		46FC3B73237871540093FA35 /* BaseListController.swift in Sources */ = {isa = PBXBuildFile; fileRef = 46FC3B72237871540093FA35 /* BaseListController.swift */; };
		46FC3B77237873D60093FA35 /* AppsGroupCell.swift in Sources */ = {isa = PBXBuildFile; fileRef = 46FC3B76237873D60093FA35 /* AppsGroupCell.swift */; };
		46FC3B79237876030093FA35 /* AppsHorizontalController.swift in Sources */ = {isa = PBXBuildFile; fileRef = 46FC3B78237876030093FA35 /* AppsHorizontalController.swift */; };
		46FC3B7B2378BD2D0093FA35 /* AppRowCell.swift in Sources */ = {isa = PBXBuildFile; fileRef = 46FC3B7A2378BD2D0093FA35 /* AppRowCell.swift */; };
		46FC3B7D2378BDD40093FA35 /* Extensions.swift in Sources */ = {isa = PBXBuildFile; fileRef = 46FC3B7C2378BDD40093FA35 /* Extensions.swift */; };
		46FC3B7F2378CAC90093FA35 /* AppsPageHeader.swift in Sources */ = {isa = PBXBuildFile; fileRef = 46FC3B7E2378CAC90093FA35 /* AppsPageHeader.swift */; };
		46FC3B812378CD270093FA35 /* AppsHeaderHorizontalController.swift in Sources */ = {isa = PBXBuildFile; fileRef = 46FC3B802378CD270093FA35 /* AppsHeaderHorizontalController.swift */; };
		46FC3B832378CEF80093FA35 /* AppsHeaderCell.swift in Sources */ = {isa = PBXBuildFile; fileRef = 46FC3B822378CEF80093FA35 /* AppsHeaderCell.swift */; };
		D5CE002236C92DC64FAEAA33 /* Pods_AppStore.framework in Frameworks */ = {isa = PBXBuildFile; fileRef = D648E2F00912C32192EDD7FD /* Pods_AppStore.framework */; };
/* End PBXBuildFile section */

/* Begin PBXFileReference section */
		146B10E983C7B8F3EC827107 /* Pods-AppStore.debug.xcconfig */ = {isa = PBXFileReference; includeInIndex = 1; lastKnownFileType = text.xcconfig; name = "Pods-AppStore.debug.xcconfig"; path = "Target Support Files/Pods-AppStore/Pods-AppStore.debug.xcconfig"; sourceTree = "<group>"; };
		46149FF6237A409E00AC1287 /* AppGroup.swift */ = {isa = PBXFileReference; lastKnownFileType = sourcecode.swift; path = AppGroup.swift; sourceTree = "<group>"; };
		465B5FE6237F73B000BB50DE /* SocialApp.swift */ = {isa = PBXFileReference; lastKnownFileType = sourcecode.swift; path = SocialApp.swift; sourceTree = "<group>"; };
		4694602223739EC200831E18 /* AppStore.app */ = {isa = PBXFileReference; explicitFileType = wrapper.application; includeInIndex = 0; path = AppStore.app; sourceTree = BUILT_PRODUCTS_DIR; };
		4694602523739EC200831E18 /* AppDelegate.swift */ = {isa = PBXFileReference; lastKnownFileType = sourcecode.swift; path = AppDelegate.swift; sourceTree = "<group>"; };
		4694602723739EC200831E18 /* SceneDelegate.swift */ = {isa = PBXFileReference; lastKnownFileType = sourcecode.swift; path = SceneDelegate.swift; sourceTree = "<group>"; };
		4694602923739EC200831E18 /* ViewController.swift */ = {isa = PBXFileReference; lastKnownFileType = sourcecode.swift; path = ViewController.swift; sourceTree = "<group>"; };
		4694602C23739EC200831E18 /* Base */ = {isa = PBXFileReference; lastKnownFileType = file.storyboard; name = Base; path = Base.lproj/Main.storyboard; sourceTree = "<group>"; };
		4694602E23739EC400831E18 /* Assets.xcassets */ = {isa = PBXFileReference; lastKnownFileType = folder.assetcatalog; path = Assets.xcassets; sourceTree = "<group>"; };
		4694603123739EC400831E18 /* Base */ = {isa = PBXFileReference; lastKnownFileType = file.storyboard; name = Base; path = Base.lproj/LaunchScreen.storyboard; sourceTree = "<group>"; };
		4694603323739EC400831E18 /* Info.plist */ = {isa = PBXFileReference; lastKnownFileType = text.plist.xml; path = Info.plist; sourceTree = "<group>"; };
		469460392373A0A500831E18 /* BaseTabBarController.swift */ = {isa = PBXFileReference; lastKnownFileType = sourcecode.swift; path = BaseTabBarController.swift; sourceTree = "<group>"; };
		4694603C2373A9C300831E18 /* AppsSearchController.swift */ = {isa = PBXFileReference; lastKnownFileType = sourcecode.swift; path = AppsSearchController.swift; sourceTree = "<group>"; };
		4694603F2373AE7400831E18 /* SearchResultCell.swift */ = {isa = PBXFileReference; lastKnownFileType = sourcecode.swift; path = SearchResultCell.swift; sourceTree = "<group>"; };
		4694604223742CDB00831E18 /* UIView+Layout.swift */ = {isa = PBXFileReference; fileEncoding = 4; lastKnownFileType = sourcecode.swift; path = "UIView+Layout.swift"; sourceTree = "<group>"; };
		469460442374312800831E18 /* VerticalStackView.swift */ = {isa = PBXFileReference; lastKnownFileType = sourcecode.swift; path = VerticalStackView.swift; sourceTree = "<group>"; };
		469460472374F87000831E18 /* SearchResult.swift */ = {isa = PBXFileReference; lastKnownFileType = sourcecode.swift; path = SearchResult.swift; sourceTree = "<group>"; };
		4694604A23757E3D00831E18 /* Service.swift */ = {isa = PBXFileReference; lastKnownFileType = sourcecode.swift; path = Service.swift; sourceTree = "<group>"; };
		46FC3B70237870A70093FA35 /* AppsPageController.swift */ = {isa = PBXFileReference; lastKnownFileType = sourcecode.swift; path = AppsPageController.swift; sourceTree = "<group>"; };
		46FC3B72237871540093FA35 /* BaseListController.swift */ = {isa = PBXFileReference; lastKnownFileType = sourcecode.swift; path = BaseListController.swift; sourceTree = "<group>"; };
		46FC3B76237873D60093FA35 /* AppsGroupCell.swift */ = {isa = PBXFileReference; lastKnownFileType = sourcecode.swift; path = AppsGroupCell.swift; sourceTree = "<group>"; };
		46FC3B78237876030093FA35 /* AppsHorizontalController.swift */ = {isa = PBXFileReference; lastKnownFileType = sourcecode.swift; path = AppsHorizontalController.swift; sourceTree = "<group>"; };
		46FC3B7A2378BD2D0093FA35 /* AppRowCell.swift */ = {isa = PBXFileReference; lastKnownFileType = sourcecode.swift; path = AppRowCell.swift; sourceTree = "<group>"; };
		46FC3B7C2378BDD40093FA35 /* Extensions.swift */ = {isa = PBXFileReference; lastKnownFileType = sourcecode.swift; path = Extensions.swift; sourceTree = "<group>"; };
		46FC3B7E2378CAC90093FA35 /* AppsPageHeader.swift */ = {isa = PBXFileReference; lastKnownFileType = sourcecode.swift; path = AppsPageHeader.swift; sourceTree = "<group>"; };
		46FC3B802378CD270093FA35 /* AppsHeaderHorizontalController.swift */ = {isa = PBXFileReference; lastKnownFileType = sourcecode.swift; path = AppsHeaderHorizontalController.swift; sourceTree = "<group>"; };
		46FC3B822378CEF80093FA35 /* AppsHeaderCell.swift */ = {isa = PBXFileReference; lastKnownFileType = sourcecode.swift; path = AppsHeaderCell.swift; sourceTree = "<group>"; };
		5D9FF854CD51641072FCF87F /* Pods-AppStore.release.xcconfig */ = {isa = PBXFileReference; includeInIndex = 1; lastKnownFileType = text.xcconfig; name = "Pods-AppStore.release.xcconfig"; path = "Target Support Files/Pods-AppStore/Pods-AppStore.release.xcconfig"; sourceTree = "<group>"; };
		D648E2F00912C32192EDD7FD /* Pods_AppStore.framework */ = {isa = PBXFileReference; explicitFileType = wrapper.framework; includeInIndex = 0; path = Pods_AppStore.framework; sourceTree = BUILT_PRODUCTS_DIR; };
/* End PBXFileReference section */

/* Begin PBXFrameworksBuildPhase section */
		4694601F23739EC200831E18 /* Frameworks */ = {
			isa = PBXFrameworksBuildPhase;
			buildActionMask = 2147483647;
			files = (
				D5CE002236C92DC64FAEAA33 /* Pods_AppStore.framework in Frameworks */,
			);
			runOnlyForDeploymentPostprocessing = 0;
		};
/* End PBXFrameworksBuildPhase section */

/* Begin PBXGroup section */
		27CF725394CC15B602F7E878 /* Pods */ = {
			isa = PBXGroup;
			children = (
				146B10E983C7B8F3EC827107 /* Pods-AppStore.debug.xcconfig */,
				5D9FF854CD51641072FCF87F /* Pods-AppStore.release.xcconfig */,
			);
			path = Pods;
			sourceTree = "<group>";
		};
		3EC07BB682AA820890CC8C1B /* Frameworks */ = {
			isa = PBXGroup;
			children = (
				D648E2F00912C32192EDD7FD /* Pods_AppStore.framework */,
			);
			name = Frameworks;
			sourceTree = "<group>";
		};
		4694601923739EC200831E18 = {
			isa = PBXGroup;
			children = (
				4694602423739EC200831E18 /* AppStore */,
				4694602323739EC200831E18 /* Products */,
				27CF725394CC15B602F7E878 /* Pods */,
				3EC07BB682AA820890CC8C1B /* Frameworks */,
			);
			sourceTree = "<group>";
		};
		4694602323739EC200831E18 /* Products */ = {
			isa = PBXGroup;
			children = (
				4694602223739EC200831E18 /* AppStore.app */,
			);
			name = Products;
			sourceTree = "<group>";
		};
		4694602423739EC200831E18 /* AppStore */ = {
			isa = PBXGroup;
			children = (
				4694604923757E1D00831E18 /* Service */,
				469460462374F85200831E18 /* Model */,
				4694604123742C9200831E18 /* Helpers */,
				4694603E2373AE3400831E18 /* Views */,
				4694603B2373A9A500831E18 /* Controller */,
				4694602523739EC200831E18 /* AppDelegate.swift */,
				4694602723739EC200831E18 /* SceneDelegate.swift */,
				4694602923739EC200831E18 /* ViewController.swift */,
				4694602B23739EC200831E18 /* Main.storyboard */,
				4694602E23739EC400831E18 /* Assets.xcassets */,
				4694603023739EC400831E18 /* LaunchScreen.storyboard */,
				4694603323739EC400831E18 /* Info.plist */,
			);
			path = AppStore;
			sourceTree = "<group>";
		};
		4694603B2373A9A500831E18 /* Controller */ = {
			isa = PBXGroup;
			children = (
				46FC3B74237871A80093FA35 /* Search */,
				46FC3B6F237870900093FA35 /* Apps */,
				469460392373A0A500831E18 /* BaseTabBarController.swift */,
				46FC3B72237871540093FA35 /* BaseListController.swift */,
			);
			path = Controller;
			sourceTree = "<group>";
		};
		4694603E2373AE3400831E18 /* Views */ = {
			isa = PBXGroup;
			children = (
				46FC3B75237873C40093FA35 /* Apps */,
				4694603F2373AE7400831E18 /* SearchResultCell.swift */,
			);
			path = Views;
			sourceTree = "<group>";
		};
		4694604123742C9200831E18 /* Helpers */ = {
			isa = PBXGroup;
			children = (
				4694604223742CDB00831E18 /* UIView+Layout.swift */,
				469460442374312800831E18 /* VerticalStackView.swift */,
				46FC3B7C2378BDD40093FA35 /* Extensions.swift */,
			);
			path = Helpers;
			sourceTree = "<group>";
		};
		469460462374F85200831E18 /* Model */ = {
			isa = PBXGroup;
			children = (
				469460472374F87000831E18 /* SearchResult.swift */,
				46149FF6237A409E00AC1287 /* AppGroup.swift */,
				465B5FE6237F73B000BB50DE /* SocialApp.swift */,
			);
			path = Model;
			sourceTree = "<group>";
		};
		4694604923757E1D00831E18 /* Service */ = {
			isa = PBXGroup;
			children = (
				4694604A23757E3D00831E18 /* Service.swift */,
			);
			path = Service;
			sourceTree = "<group>";
		};
		46FC3B6F237870900093FA35 /* Apps */ = {
			isa = PBXGroup;
			children = (
				46FC3B70237870A70093FA35 /* AppsPageController.swift */,
				46FC3B78237876030093FA35 /* AppsHorizontalController.swift */,
				46FC3B802378CD270093FA35 /* AppsHeaderHorizontalController.swift */,
			);
			path = Apps;
			sourceTree = "<group>";
		};
		46FC3B74237871A80093FA35 /* Search */ = {
			isa = PBXGroup;
			children = (
				4694603C2373A9C300831E18 /* AppsSearchController.swift */,
			);
			path = Search;
			sourceTree = "<group>";
		};
		46FC3B75237873C40093FA35 /* Apps */ = {
			isa = PBXGroup;
			children = (
				46FC3B76237873D60093FA35 /* AppsGroupCell.swift */,
				46FC3B7A2378BD2D0093FA35 /* AppRowCell.swift */,
				46FC3B7E2378CAC90093FA35 /* AppsPageHeader.swift */,
				46FC3B822378CEF80093FA35 /* AppsHeaderCell.swift */,
			);
			path = Apps;
			sourceTree = "<group>";
		};
/* End PBXGroup section */

/* Begin PBXNativeTarget section */
		4694602123739EC200831E18 /* AppStore */ = {
			isa = PBXNativeTarget;
			buildConfigurationList = 4694603623739EC400831E18 /* Build configuration list for PBXNativeTarget "AppStore" */;
			buildPhases = (
				E8ACC034C54E27EB31D3381C /* [CP] Check Pods Manifest.lock */,
				4694601E23739EC200831E18 /* Sources */,
				4694601F23739EC200831E18 /* Frameworks */,
				4694602023739EC200831E18 /* Resources */,
				3CE9CBCD2F437960D87E0B41 /* [CP] Embed Pods Frameworks */,
			);
			buildRules = (
			);
			dependencies = (
			);
			name = AppStore;
			productName = AppStore;
			productReference = 4694602223739EC200831E18 /* AppStore.app */;
			productType = "com.apple.product-type.application";
		};
/* End PBXNativeTarget section */

/* Begin PBXProject section */
		4694601A23739EC200831E18 /* Project object */ = {
			isa = PBXProject;
			attributes = {
				LastSwiftUpdateCheck = 1110;
				LastUpgradeCheck = 1110;
				ORGANIZATIONNAME = "Mateus Rovari";
				TargetAttributes = {
					4694602123739EC200831E18 = {
						CreatedOnToolsVersion = 11.1;
					};
				};
			};
			buildConfigurationList = 4694601D23739EC200831E18 /* Build configuration list for PBXProject "AppStore" */;
			compatibilityVersion = "Xcode 9.3";
			developmentRegion = en;
			hasScannedForEncodings = 0;
			knownRegions = (
				en,
				Base,
			);
			mainGroup = 4694601923739EC200831E18;
			productRefGroup = 4694602323739EC200831E18 /* Products */;
			projectDirPath = "";
			projectRoot = "";
			targets = (
				4694602123739EC200831E18 /* AppStore */,
			);
		};
/* End PBXProject section */

/* Begin PBXResourcesBuildPhase section */
		4694602023739EC200831E18 /* Resources */ = {
			isa = PBXResourcesBuildPhase;
			buildActionMask = 2147483647;
			files = (
				4694603223739EC400831E18 /* LaunchScreen.storyboard in Resources */,
				4694602F23739EC400831E18 /* Assets.xcassets in Resources */,
				4694602D23739EC200831E18 /* Main.storyboard in Resources */,
			);
			runOnlyForDeploymentPostprocessing = 0;
		};
/* End PBXResourcesBuildPhase section */

/* Begin PBXShellScriptBuildPhase section */
		3CE9CBCD2F437960D87E0B41 /* [CP] Embed Pods Frameworks */ = {
			isa = PBXShellScriptBuildPhase;
			buildActionMask = 2147483647;
			files = (
			);
			inputFileListPaths = (
				"${PODS_ROOT}/Target Support Files/Pods-AppStore/Pods-AppStore-frameworks-${CONFIGURATION}-input-files.xcfilelist",
			);
			name = "[CP] Embed Pods Frameworks";
			outputFileListPaths = (
				"${PODS_ROOT}/Target Support Files/Pods-AppStore/Pods-AppStore-frameworks-${CONFIGURATION}-output-files.xcfilelist",
			);
			runOnlyForDeploymentPostprocessing = 0;
			shellPath = /bin/sh;
			shellScript = "\"${PODS_ROOT}/Target Support Files/Pods-AppStore/Pods-AppStore-frameworks.sh\"\n";
			showEnvVarsInLog = 0;
		};
		E8ACC034C54E27EB31D3381C /* [CP] Check Pods Manifest.lock */ = {
			isa = PBXShellScriptBuildPhase;
			buildActionMask = 2147483647;
			files = (
			);
			inputFileListPaths = (
			);
			inputPaths = (
				"${PODS_PODFILE_DIR_PATH}/Podfile.lock",
				"${PODS_ROOT}/Manifest.lock",
			);
			name = "[CP] Check Pods Manifest.lock";
			outputFileListPaths = (
			);
			outputPaths = (
				"$(DERIVED_FILE_DIR)/Pods-AppStore-checkManifestLockResult.txt",
			);
			runOnlyForDeploymentPostprocessing = 0;
			shellPath = /bin/sh;
			shellScript = "diff \"${PODS_PODFILE_DIR_PATH}/Podfile.lock\" \"${PODS_ROOT}/Manifest.lock\" > /dev/null\nif [ $? != 0 ] ; then\n    # print error to STDERR\n    echo \"error: The sandbox is not in sync with the Podfile.lock. Run 'pod install' or update your CocoaPods installation.\" >&2\n    exit 1\nfi\n# This output is used by Xcode 'outputs' to avoid re-running this script phase.\necho \"SUCCESS\" > \"${SCRIPT_OUTPUT_FILE_0}\"\n";
			showEnvVarsInLog = 0;
		};
/* End PBXShellScriptBuildPhase section */

/* Begin PBXSourcesBuildPhase section */
		4694601E23739EC200831E18 /* Sources */ = {
			isa = PBXSourcesBuildPhase;
			buildActionMask = 2147483647;
			files = (
				4694603A2373A0A500831E18 /* BaseTabBarController.swift in Sources */,
				465B5FE7237F73B000BB50DE /* SocialApp.swift in Sources */,
				46FC3B71237870A70093FA35 /* AppsPageController.swift in Sources */,
				469460482374F87000831E18 /* SearchResult.swift in Sources */,
				4694602A23739EC200831E18 /* ViewController.swift in Sources */,
				4694602623739EC200831E18 /* AppDelegate.swift in Sources */,
				4694603D2373A9C300831E18 /* AppsSearchController.swift in Sources */,
				46FC3B77237873D60093FA35 /* AppsGroupCell.swift in Sources */,
				469460402373AE7400831E18 /* SearchResultCell.swift in Sources */,
				469460452374312800831E18 /* VerticalStackView.swift in Sources */,
				4694604B23757E3D00831E18 /* Service.swift in Sources */,
				46FC3B812378CD270093FA35 /* AppsHeaderHorizontalController.swift in Sources */,
				46FC3B7F2378CAC90093FA35 /* AppsPageHeader.swift in Sources */,
				4694604323742CDB00831E18 /* UIView+Layout.swift in Sources */,
				46FC3B7D2378BDD40093FA35 /* Extensions.swift in Sources */,
				46FC3B73237871540093FA35 /* BaseListController.swift in Sources */,
				46149FF7237A409E00AC1287 /* AppGroup.swift in Sources */,
				46FC3B832378CEF80093FA35 /* AppsHeaderCell.swift in Sources */,
				4694602823739EC200831E18 /* SceneDelegate.swift in Sources */,
				46FC3B79237876030093FA35 /* AppsHorizontalController.swift in Sources */,
				46FC3B7B2378BD2D0093FA35 /* AppRowCell.swift in Sources */,
			);
			runOnlyForDeploymentPostprocessing = 0;
		};
/* End PBXSourcesBuildPhase section */

/* Begin PBXVariantGroup section */
		4694602B23739EC200831E18 /* Main.storyboard */ = {
			isa = PBXVariantGroup;
			children = (
				4694602C23739EC200831E18 /* Base */,
			);
			name = Main.storyboard;
			sourceTree = "<group>";
		};
		4694603023739EC400831E18 /* LaunchScreen.storyboard */ = {
			isa = PBXVariantGroup;
			children = (
				4694603123739EC400831E18 /* Base */,
			);
			name = LaunchScreen.storyboard;
			sourceTree = "<group>";
		};
/* End PBXVariantGroup section */

/* Begin XCBuildConfiguration section */
		4694603423739EC400831E18 /* Debug */ = {
			isa = XCBuildConfiguration;
			buildSettings = {
				ALWAYS_SEARCH_USER_PATHS = NO;
				CLANG_ANALYZER_NONNULL = YES;
				CLANG_ANALYZER_NUMBER_OBJECT_CONVERSION = YES_AGGRESSIVE;
				CLANG_CXX_LANGUAGE_STANDARD = "gnu++14";
				CLANG_CXX_LIBRARY = "libc++";
				CLANG_ENABLE_MODULES = YES;
				CLANG_ENABLE_OBJC_ARC = YES;
				CLANG_ENABLE_OBJC_WEAK = YES;
				CLANG_WARN_BLOCK_CAPTURE_AUTORELEASING = YES;
				CLANG_WARN_BOOL_CONVERSION = YES;
				CLANG_WARN_COMMA = YES;
				CLANG_WARN_CONSTANT_CONVERSION = YES;
				CLANG_WARN_DEPRECATED_OBJC_IMPLEMENTATIONS = YES;
				CLANG_WARN_DIRECT_OBJC_ISA_USAGE = YES_ERROR;
				CLANG_WARN_DOCUMENTATION_COMMENTS = YES;
				CLANG_WARN_EMPTY_BODY = YES;
				CLANG_WARN_ENUM_CONVERSION = YES;
				CLANG_WARN_INFINITE_RECURSION = YES;
				CLANG_WARN_INT_CONVERSION = YES;
				CLANG_WARN_NON_LITERAL_NULL_CONVERSION = YES;
				CLANG_WARN_OBJC_IMPLICIT_RETAIN_SELF = YES;
				CLANG_WARN_OBJC_LITERAL_CONVERSION = YES;
				CLANG_WARN_OBJC_ROOT_CLASS = YES_ERROR;
				CLANG_WARN_RANGE_LOOP_ANALYSIS = YES;
				CLANG_WARN_STRICT_PROTOTYPES = YES;
				CLANG_WARN_SUSPICIOUS_MOVE = YES;
				CLANG_WARN_UNGUARDED_AVAILABILITY = YES_AGGRESSIVE;
				CLANG_WARN_UNREACHABLE_CODE = YES;
				CLANG_WARN__DUPLICATE_METHOD_MATCH = YES;
				COPY_PHASE_STRIP = NO;
				DEBUG_INFORMATION_FORMAT = dwarf;
				ENABLE_STRICT_OBJC_MSGSEND = YES;
				ENABLE_TESTABILITY = YES;
				GCC_C_LANGUAGE_STANDARD = gnu11;
				GCC_DYNAMIC_NO_PIC = NO;
				GCC_NO_COMMON_BLOCKS = YES;
				GCC_OPTIMIZATION_LEVEL = 0;
				GCC_PREPROCESSOR_DEFINITIONS = (
					"DEBUG=1",
					"$(inherited)",
				);
				GCC_WARN_64_TO_32_BIT_CONVERSION = YES;
				GCC_WARN_ABOUT_RETURN_TYPE = YES_ERROR;
				GCC_WARN_UNDECLARED_SELECTOR = YES;
				GCC_WARN_UNINITIALIZED_AUTOS = YES_AGGRESSIVE;
				GCC_WARN_UNUSED_FUNCTION = YES;
				GCC_WARN_UNUSED_VARIABLE = YES;
				IPHONEOS_DEPLOYMENT_TARGET = 13.1;
				MTL_ENABLE_DEBUG_INFO = INCLUDE_SOURCE;
				MTL_FAST_MATH = YES;
				ONLY_ACTIVE_ARCH = YES;
				SDKROOT = iphoneos;
				SWIFT_ACTIVE_COMPILATION_CONDITIONS = DEBUG;
				SWIFT_OPTIMIZATION_LEVEL = "-Onone";
			};
			name = Debug;
		};
		4694603523739EC400831E18 /* Release */ = {
			isa = XCBuildConfiguration;
			buildSettings = {
				ALWAYS_SEARCH_USER_PATHS = NO;
				CLANG_ANALYZER_NONNULL = YES;
				CLANG_ANALYZER_NUMBER_OBJECT_CONVERSION = YES_AGGRESSIVE;
				CLANG_CXX_LANGUAGE_STANDARD = "gnu++14";
				CLANG_CXX_LIBRARY = "libc++";
				CLANG_ENABLE_MODULES = YES;
				CLANG_ENABLE_OBJC_ARC = YES;
				CLANG_ENABLE_OBJC_WEAK = YES;
				CLANG_WARN_BLOCK_CAPTURE_AUTORELEASING = YES;
				CLANG_WARN_BOOL_CONVERSION = YES;
				CLANG_WARN_COMMA = YES;
				CLANG_WARN_CONSTANT_CONVERSION = YES;
				CLANG_WARN_DEPRECATED_OBJC_IMPLEMENTATIONS = YES;
				CLANG_WARN_DIRECT_OBJC_ISA_USAGE = YES_ERROR;
				CLANG_WARN_DOCUMENTATION_COMMENTS = YES;
				CLANG_WARN_EMPTY_BODY = YES;
				CLANG_WARN_ENUM_CONVERSION = YES;
				CLANG_WARN_INFINITE_RECURSION = YES;
				CLANG_WARN_INT_CONVERSION = YES;
				CLANG_WARN_NON_LITERAL_NULL_CONVERSION = YES;
				CLANG_WARN_OBJC_IMPLICIT_RETAIN_SELF = YES;
				CLANG_WARN_OBJC_LITERAL_CONVERSION = YES;
				CLANG_WARN_OBJC_ROOT_CLASS = YES_ERROR;
				CLANG_WARN_RANGE_LOOP_ANALYSIS = YES;
				CLANG_WARN_STRICT_PROTOTYPES = YES;
				CLANG_WARN_SUSPICIOUS_MOVE = YES;
				CLANG_WARN_UNGUARDED_AVAILABILITY = YES_AGGRESSIVE;
				CLANG_WARN_UNREACHABLE_CODE = YES;
				CLANG_WARN__DUPLICATE_METHOD_MATCH = YES;
				COPY_PHASE_STRIP = NO;
				DEBUG_INFORMATION_FORMAT = "dwarf-with-dsym";
				ENABLE_NS_ASSERTIONS = NO;
				ENABLE_STRICT_OBJC_MSGSEND = YES;
				GCC_C_LANGUAGE_STANDARD = gnu11;
				GCC_NO_COMMON_BLOCKS = YES;
				GCC_WARN_64_TO_32_BIT_CONVERSION = YES;
				GCC_WARN_ABOUT_RETURN_TYPE = YES_ERROR;
				GCC_WARN_UNDECLARED_SELECTOR = YES;
				GCC_WARN_UNINITIALIZED_AUTOS = YES_AGGRESSIVE;
				GCC_WARN_UNUSED_FUNCTION = YES;
				GCC_WARN_UNUSED_VARIABLE = YES;
				IPHONEOS_DEPLOYMENT_TARGET = 13.1;
				MTL_ENABLE_DEBUG_INFO = NO;
				MTL_FAST_MATH = YES;
				SDKROOT = iphoneos;
				SWIFT_COMPILATION_MODE = wholemodule;
				SWIFT_OPTIMIZATION_LEVEL = "-O";
				VALIDATE_PRODUCT = YES;
			};
			name = Release;
		};
		4694603723739EC400831E18 /* Debug */ = {
			isa = XCBuildConfiguration;
			baseConfigurationReference = 146B10E983C7B8F3EC827107 /* Pods-AppStore.debug.xcconfig */;
			buildSettings = {
				ASSETCATALOG_COMPILER_APPICON_NAME = AppIcon;
				CODE_SIGN_STYLE = Automatic;
				DEVELOPMENT_TEAM = L59GRW5GVS;
				INFOPLIST_FILE = AppStore/Info.plist;
				IPHONEOS_DEPLOYMENT_TARGET = 13.0;
				LD_RUNPATH_SEARCH_PATHS = (
					"$(inherited)",
					"@executable_path/Frameworks",
				);
				PRODUCT_BUNDLE_IDENTIFIER = com.mateusrovari.AppStore;
				PRODUCT_NAME = "$(TARGET_NAME)";
				SWIFT_VERSION = 4.2;
				TARGETED_DEVICE_FAMILY = "1,2";
			};
			name = Debug;
		};
		4694603823739EC400831E18 /* Release */ = {
			isa = XCBuildConfiguration;
			baseConfigurationReference = 5D9FF854CD51641072FCF87F /* Pods-AppStore.release.xcconfig */;
			buildSettings = {
				ASSETCATALOG_COMPILER_APPICON_NAME = AppIcon;
				CODE_SIGN_STYLE = Automatic;
				DEVELOPMENT_TEAM = L59GRW5GVS;
				INFOPLIST_FILE = AppStore/Info.plist;
				IPHONEOS_DEPLOYMENT_TARGET = 13.0;
				LD_RUNPATH_SEARCH_PATHS = (
					"$(inherited)",
					"@executable_path/Frameworks",
				);
				PRODUCT_BUNDLE_IDENTIFIER = com.mateusrovari.AppStore;
				PRODUCT_NAME = "$(TARGET_NAME)";
				SWIFT_VERSION = 4.2;
				TARGETED_DEVICE_FAMILY = "1,2";
			};
			name = Release;
		};
/* End XCBuildConfiguration section */

/* Begin XCConfigurationList section */
		4694601D23739EC200831E18 /* Build configuration list for PBXProject "AppStore" */ = {
			isa = XCConfigurationList;
			buildConfigurations = (
				4694603423739EC400831E18 /* Debug */,
				4694603523739EC400831E18 /* Release */,
			);
			defaultConfigurationIsVisible = 0;
			defaultConfigurationName = Release;
		};
		4694603623739EC400831E18 /* Build configuration list for PBXNativeTarget "AppStore" */ = {
			isa = XCConfigurationList;
			buildConfigurations = (
				4694603723739EC400831E18 /* Debug */,
				4694603823739EC400831E18 /* Release */,
			);
			defaultConfigurationIsVisible = 0;
			defaultConfigurationName = Release;
		};
/* End XCConfigurationList section */
	};
	rootObject = 4694601A23739EC200831E18 /* Project object */;
}
